
Microsoft Visual Studio Solution File, Format Version 12.00
# Visual Studio Version 17
VisualStudioVersion = 17.0.31903.59
MinimumVisualStudioVersion = 10.0.40219.1
Project("{2150E333-8FDC-42A3-9474-1A3956D46DE8}") = "创建型模式", "创建型模式", "{8ABD0198-DA7E-4691-8B24-395C2CAF4E99}"
EndProject
Project("{9A19103F-16F7-4668-BE54-9A1E7A4F7556}") = "Singleton", "创建型模式\01 单例模式\Singleton\Singleton.csproj", "{4CA3611F-54E8-4461-AC9E-47AC99D44942}"
EndProject
Project("{9A19103F-16F7-4668-BE54-9A1E7A4F7556}") = "SimpleFactoryPattern", "创建型模式\02 简单工厂模式\SimpleFactoryPattern\SimpleFactoryPattern.csproj", "{225BC39C-E9A5-4A81-8863-F98CE5224528}"
EndProject
Project("{9A19103F-16F7-4668-BE54-9A1E7A4F7556}") = "FactoryMethod", "创建型模式\03 工厂方法模式\FactoryMethod\FactoryMethod.csproj", "{0FCFB09F-C909-4133-999F-BD23CCEED107}"
EndProject
Project("{9A19103F-16F7-4668-BE54-9A1E7A4F7556}") = "AbstractFactory", "创建型模式\04 抽象工厂模式\AbstractFactory\AbstractFactory.csproj", "{BA9D755E-33CA-4088-A57E-FA894FC29F22}"
EndProject
Project("{9A19103F-16F7-4668-BE54-9A1E7A4F7556}") = "BuilderPattern", "创建型模式\05 建造者模式\BuilderPattern\BuilderPattern.csproj", "{9236D309-202F-4026-BAB5-4335184ABDB0}"
EndProject
Project("{9A19103F-16F7-4668-BE54-9A1E7A4F7556}") = "PrototypePattern", "创建型模式\06 原型模式\PrototypePattern\PrototypePattern.csproj", "{35616404-95CF-4087-95F5-C0DD22948BEC}"
EndProject
Project("{2150E333-8FDC-42A3-9474-1A3956D46DE8}") = "结构型模式", "结构型模式", "{40702D07-7433-4788-BE6D-F342129FDE44}"
EndProject
Project("{9A19103F-16F7-4668-BE54-9A1E7A4F7556}") = "AdapterPattern", "结构型模式\01 适配器模式\AdapterPattern\AdapterPattern.csproj", "{1A9950B6-3B02-49C4-9727-FA4072ACD73B}"
EndProject
Project("{9A19103F-16F7-4668-BE54-9A1E7A4F7556}") = "DecoratorPattern", "结构型模式\02 装饰模式\DecoratorPattern\DecoratorPattern.csproj", "{B2FD1C68-3EE7-4799-9EB5-1875944B3CB1}"
EndProject
Project("{9A19103F-16F7-4668-BE54-9A1E7A4F7556}") = "BridgePattern", "结构型模式\03 桥接模式\BridgePattern\BridgePattern.csproj", "{3CFB26FA-0A9A-471D-9F45-77113125AD5E}"
EndProject
Project("{9A19103F-16F7-4668-BE54-9A1E7A4F7556}") = "CompositePattern", "结构型模式\04 组合模式\CompositePattern\CompositePattern.csproj", "{337F778F-2730-4094-BDD8-3B11EDD6ECD3}"
EndProject
Project("{9A19103F-16F7-4668-BE54-9A1E7A4F7556}") = "Flyweight", "结构型模式\05 享元模式\Flyweight\Flyweight.csproj", "{61B71FCD-A7F5-4A85-B3A2-5764111A8324}"
EndProject
Project("{9A19103F-16F7-4668-BE54-9A1E7A4F7556}") = "Proxy", "结构型模式\06 代理模式\Proxy\Proxy.csproj", "{6E88D6A0-A2BB-4F60-8FA0-CB139E0EAD87}"
EndProject
Project("{9A19103F-16F7-4668-BE54-9A1E7A4F7556}") = "Facade", "结构型模式\07 外观模式\Facade\Facade.csproj", "{7CFE71E6-484E-4311-9DD6-A5367BBB1BED}"
EndProject
Project("{2150E333-8FDC-42A3-9474-1A3956D46DE8}") = "行为型模式", "行为型模式", "{32C114DF-FC87-4574-8BD3-A2364A01BE64}"
EndProject
Project("{9A19103F-16F7-4668-BE54-9A1E7A4F7556}") = "Observer", "行为型模式\01 观察者模式\Observer\Observer.csproj", "{E76AA72B-CB5A-4901-92C8-0DC522C7D905}"
EndProject
Project("{9A19103F-16F7-4668-BE54-9A1E7A4F7556}") = "TemplateMethod", "行为型模式\02 模板方法模式\TemplateMethod\TemplateMethod.csproj", "{108C7DBE-20A7-4D92-BE7D-3BB6A90776A4}"
EndProject
Project("{9A19103F-16F7-4668-BE54-9A1E7A4F7556}") = "Command", "行为型模式\03 命令模式\Command\Command.csproj", "{71639E75-668D-4501-8E88-40027B7C8740}"
EndProject
Project("{9A19103F-16F7-4668-BE54-9A1E7A4F7556}") = "State", "行为型模式\04 状态模式\State\State.csproj", "{1B5E5FEB-5649-4977-9352-0DF6A99CAA3F}"
EndProject
Project("{9A19103F-16F7-4668-BE54-9A1E7A4F7556}") = "ChainOfResponsibility", "行为型模式\05 职责链模式\ChainOfResponsibility\ChainOfResponsibility.csproj", "{229DA240-4415-4B82-B8BE-87C8C15CCBBD}"
EndProject
Project("{9A19103F-16F7-4668-BE54-9A1E7A4F7556}") = "Interpreter", "行为型模式\06 解释器模式\Interpreter\Interpreter.csproj", "{2A5CBB39-F8BC-42EE-851C-C51909444E99}"
EndProject
Project("{FAE04EC0-301F-11D3-BF4B-00C04F79EFBC}") = "Mediator", "行为型模式\07 中介者模式\Mediator\Mediator.csproj", "{65546668-AFAF-4D66-AC0E-4888DFCB94F7}"
EndProject
Project("{FAE04EC0-301F-11D3-BF4B-00C04F79EFBC}") = "Visitor", "行为型模式\08 访问者模式\Visitor\Visitor.csproj", "{C68C42B8-9143-40D9-8925-C785AEAAE1C9}"
EndProject
Global
	GlobalSection(SolutionConfigurationPlatforms) = preSolution
		Debug|Any CPU = Debug|Any CPU
		Release|Any CPU = Release|Any CPU
	EndGlobalSection
	GlobalSection(ProjectConfigurationPlatforms) = postSolution
		{4CA3611F-54E8-4461-AC9E-47AC99D44942}.Debug|Any CPU.ActiveCfg = Debug|Any CPU
		{4CA3611F-54E8-4461-AC9E-47AC99D44942}.Debug|Any CPU.Build.0 = Debug|Any CPU
		{4CA3611F-54E8-4461-AC9E-47AC99D44942}.Release|Any CPU.ActiveCfg = Release|Any CPU
		{4CA3611F-54E8-4461-AC9E-47AC99D44942}.Release|Any CPU.Build.0 = Release|Any CPU
		{225BC39C-E9A5-4A81-8863-F98CE5224528}.Debug|Any CPU.ActiveCfg = Debug|Any CPU
		{225BC39C-E9A5-4A81-8863-F98CE5224528}.Debug|Any CPU.Build.0 = Debug|Any CPU
		{225BC39C-E9A5-4A81-8863-F98CE5224528}.Release|Any CPU.ActiveCfg = Release|Any CPU
		{225BC39C-E9A5-4A81-8863-F98CE5224528}.Release|Any CPU.Build.0 = Release|Any CPU
		{0FCFB09F-C909-4133-999F-BD23CCEED107}.Debug|Any CPU.ActiveCfg = Debug|Any CPU
		{0FCFB09F-C909-4133-999F-BD23CCEED107}.Debug|Any CPU.Build.0 = Debug|Any CPU
		{0FCFB09F-C909-4133-999F-BD23CCEED107}.Release|Any CPU.ActiveCfg = Release|Any CPU
		{0FCFB09F-C909-4133-999F-BD23CCEED107}.Release|Any CPU.Build.0 = Release|Any CPU
		{BA9D755E-33CA-4088-A57E-FA894FC29F22}.Debug|Any CPU.ActiveCfg = Debug|Any CPU
		{BA9D755E-33CA-4088-A57E-FA894FC29F22}.Debug|Any CPU.Build.0 = Debug|Any CPU
		{BA9D755E-33CA-4088-A57E-FA894FC29F22}.Release|Any CPU.ActiveCfg = Release|Any CPU
		{BA9D755E-33CA-4088-A57E-FA894FC29F22}.Release|Any CPU.Build.0 = Release|Any CPU
		{9236D309-202F-4026-BAB5-4335184ABDB0}.Debug|Any CPU.ActiveCfg = Debug|Any CPU
		{9236D309-202F-4026-BAB5-4335184ABDB0}.Debug|Any CPU.Build.0 = Debug|Any CPU
		{9236D309-202F-4026-BAB5-4335184ABDB0}.Release|Any CPU.ActiveCfg = Release|Any CPU
		{9236D309-202F-4026-BAB5-4335184ABDB0}.Release|Any CPU.Build.0 = Release|Any CPU
		{35616404-95CF-4087-95F5-C0DD22948BEC}.Debug|Any CPU.ActiveCfg = Debug|Any CPU
		{35616404-95CF-4087-95F5-C0DD22948BEC}.Debug|Any CPU.Build.0 = Debug|Any CPU
		{35616404-95CF-4087-95F5-C0DD22948BEC}.Release|Any CPU.ActiveCfg = Release|Any CPU
		{35616404-95CF-4087-95F5-C0DD22948BEC}.Release|Any CPU.Build.0 = Release|Any CPU
		{1A9950B6-3B02-49C4-9727-FA4072ACD73B}.Debug|Any CPU.ActiveCfg = Debug|Any CPU
		{1A9950B6-3B02-49C4-9727-FA4072ACD73B}.Debug|Any CPU.Build.0 = Debug|Any CPU
		{1A9950B6-3B02-49C4-9727-FA4072ACD73B}.Release|Any CPU.ActiveCfg = Release|Any CPU
		{1A9950B6-3B02-49C4-9727-FA4072ACD73B}.Release|Any CPU.Build.0 = Release|Any CPU
		{B2FD1C68-3EE7-4799-9EB5-1875944B3CB1}.Debug|Any CPU.ActiveCfg = Debug|Any CPU
		{B2FD1C68-3EE7-4799-9EB5-1875944B3CB1}.Debug|Any CPU.Build.0 = Debug|Any CPU
		{B2FD1C68-3EE7-4799-9EB5-1875944B3CB1}.Release|Any CPU.ActiveCfg = Release|Any CPU
		{B2FD1C68-3EE7-4799-9EB5-1875944B3CB1}.Release|Any CPU.Build.0 = Release|Any CPU
		{3CFB26FA-0A9A-471D-9F45-77113125AD5E}.Debug|Any CPU.ActiveCfg = Debug|Any CPU
		{3CFB26FA-0A9A-471D-9F45-77113125AD5E}.Debug|Any CPU.Build.0 = Debug|Any CPU
		{3CFB26FA-0A9A-471D-9F45-77113125AD5E}.Release|Any CPU.ActiveCfg = Release|Any CPU
		{3CFB26FA-0A9A-471D-9F45-77113125AD5E}.Release|Any CPU.Build.0 = Release|Any CPU
		{337F778F-2730-4094-BDD8-3B11EDD6ECD3}.Debug|Any CPU.ActiveCfg = Debug|Any CPU
		{337F778F-2730-4094-BDD8-3B11EDD6ECD3}.Debug|Any CPU.Build.0 = Debug|Any CPU
		{337F778F-2730-4094-BDD8-3B11EDD6ECD3}.Release|Any CPU.ActiveCfg = Release|Any CPU
		{337F778F-2730-4094-BDD8-3B11EDD6ECD3}.Release|Any CPU.Build.0 = Release|Any CPU
		{61B71FCD-A7F5-4A85-B3A2-5764111A8324}.Debug|Any CPU.ActiveCfg = Debug|Any CPU
		{61B71FCD-A7F5-4A85-B3A2-5764111A8324}.Debug|Any CPU.Build.0 = Debug|Any CPU
		{61B71FCD-A7F5-4A85-B3A2-5764111A8324}.Release|Any CPU.ActiveCfg = Release|Any CPU
		{61B71FCD-A7F5-4A85-B3A2-5764111A8324}.Release|Any CPU.Build.0 = Release|Any CPU
		{6E88D6A0-A2BB-4F60-8FA0-CB139E0EAD87}.Debug|Any CPU.ActiveCfg = Debug|Any CPU
		{6E88D6A0-A2BB-4F60-8FA0-CB139E0EAD87}.Debug|Any CPU.Build.0 = Debug|Any CPU
		{6E88D6A0-A2BB-4F60-8FA0-CB139E0EAD87}.Release|Any CPU.ActiveCfg = Release|Any CPU
		{6E88D6A0-A2BB-4F60-8FA0-CB139E0EAD87}.Release|Any CPU.Build.0 = Release|Any CPU
		{7CFE71E6-484E-4311-9DD6-A5367BBB1BED}.Debug|Any CPU.ActiveCfg = Debug|Any CPU
		{7CFE71E6-484E-4311-9DD6-A5367BBB1BED}.Debug|Any CPU.Build.0 = Debug|Any CPU
		{7CFE71E6-484E-4311-9DD6-A5367BBB1BED}.Release|Any CPU.ActiveCfg = Release|Any CPU
		{7CFE71E6-484E-4311-9DD6-A5367BBB1BED}.Release|Any CPU.Build.0 = Release|Any CPU
		{E76AA72B-CB5A-4901-92C8-0DC522C7D905}.Debug|Any CPU.ActiveCfg = Debug|Any CPU
		{E76AA72B-CB5A-4901-92C8-0DC522C7D905}.Debug|Any CPU.Build.0 = Debug|Any CPU
		{E76AA72B-CB5A-4901-92C8-0DC522C7D905}.Release|Any CPU.ActiveCfg = Release|Any CPU
		{E76AA72B-CB5A-4901-92C8-0DC522C7D905}.Release|Any CPU.Build.0 = Release|Any CPU
		{108C7DBE-20A7-4D92-BE7D-3BB6A90776A4}.Debug|Any CPU.ActiveCfg = Debug|Any CPU
		{108C7DBE-20A7-4D92-BE7D-3BB6A90776A4}.Debug|Any CPU.Build.0 = Debug|Any CPU
		{108C7DBE-20A7-4D92-BE7D-3BB6A90776A4}.Release|Any CPU.ActiveCfg = Release|Any CPU
		{108C7DBE-20A7-4D92-BE7D-3BB6A90776A4}.Release|Any CPU.Build.0 = Release|Any CPU
		{71639E75-668D-4501-8E88-40027B7C8740}.Debug|Any CPU.ActiveCfg = Debug|Any CPU
		{71639E75-668D-4501-8E88-40027B7C8740}.Debug|Any CPU.Build.0 = Debug|Any CPU
		{71639E75-668D-4501-8E88-40027B7C8740}.Release|Any CPU.ActiveCfg = Release|Any CPU
		{71639E75-668D-4501-8E88-40027B7C8740}.Release|Any CPU.Build.0 = Release|Any CPU
		{1B5E5FEB-5649-4977-9352-0DF6A99CAA3F}.Debug|Any CPU.ActiveCfg = Debug|Any CPU
		{1B5E5FEB-5649-4977-9352-0DF6A99CAA3F}.Debug|Any CPU.Build.0 = Debug|Any CPU
		{1B5E5FEB-5649-4977-9352-0DF6A99CAA3F}.Release|Any CPU.ActiveCfg = Release|Any CPU
		{1B5E5FEB-5649-4977-9352-0DF6A99CAA3F}.Release|Any CPU.Build.0 = Release|Any CPU
		{229DA240-4415-4B82-B8BE-87C8C15CCBBD}.Debug|Any CPU.ActiveCfg = Debug|Any CPU
		{229DA240-4415-4B82-B8BE-87C8C15CCBBD}.Debug|Any CPU.Build.0 = Debug|Any CPU
		{229DA240-4415-4B82-B8BE-87C8C15CCBBD}.Release|Any CPU.ActiveCfg = Release|Any CPU
		{229DA240-4415-4B82-B8BE-87C8C15CCBBD}.Release|Any CPU.Build.0 = Release|Any CPU
		{2A5CBB39-F8BC-42EE-851C-C51909444E99}.Debug|Any CPU.ActiveCfg = Debug|Any CPU
		{2A5CBB39-F8BC-42EE-851C-C51909444E99}.Debug|Any CPU.Build.0 = Debug|Any CPU
		{2A5CBB39-F8BC-42EE-851C-C51909444E99}.Release|Any CPU.ActiveCfg = Release|Any CPU
		{2A5CBB39-F8BC-42EE-851C-C51909444E99}.Release|Any CPU.Build.0 = Release|Any CPU
		{65546668-AFAF-4D66-AC0E-4888DFCB94F7}.Debug|Any CPU.ActiveCfg = Debug|Any CPU
		{65546668-AFAF-4D66-AC0E-4888DFCB94F7}.Debug|Any CPU.Build.0 = Debug|Any CPU
		{65546668-AFAF-4D66-AC0E-4888DFCB94F7}.Release|Any CPU.ActiveCfg = Release|Any CPU
		{65546668-AFAF-4D66-AC0E-4888DFCB94F7}.Release|Any CPU.Build.0 = Release|Any CPU
		{C68C42B8-9143-40D9-8925-C785AEAAE1C9}.Debug|Any CPU.ActiveCfg = Debug|Any CPU
		{C68C42B8-9143-40D9-8925-C785AEAAE1C9}.Debug|Any CPU.Build.0 = Debug|Any CPU
		{C68C42B8-9143-40D9-8925-C785AEAAE1C9}.Release|Any CPU.ActiveCfg = Release|Any CPU
		{C68C42B8-9143-40D9-8925-C785AEAAE1C9}.Release|Any CPU.Build.0 = Release|Any CPU
	EndGlobalSection
	GlobalSection(SolutionProperties) = preSolution
		HideSolutionNode = FALSE
	EndGlobalSection
	GlobalSection(NestedProjects) = preSolution
		{4CA3611F-54E8-4461-AC9E-47AC99D44942} = {8ABD0198-DA7E-4691-8B24-395C2CAF4E99}
		{225BC39C-E9A5-4A81-8863-F98CE5224528} = {8ABD0198-DA7E-4691-8B24-395C2CAF4E99}
		{0FCFB09F-C909-4133-999F-BD23CCEED107} = {8ABD0198-DA7E-4691-8B24-395C2CAF4E99}
		{BA9D755E-33CA-4088-A57E-FA894FC29F22} = {8ABD0198-DA7E-4691-8B24-395C2CAF4E99}
		{9236D309-202F-4026-BAB5-4335184ABDB0} = {8ABD0198-DA7E-4691-8B24-395C2CAF4E99}
		{35616404-95CF-4087-95F5-C0DD22948BEC} = {8ABD0198-DA7E-4691-8B24-395C2CAF4E99}
		{1A9950B6-3B02-49C4-9727-FA4072ACD73B} = {40702D07-7433-4788-BE6D-F342129FDE44}
		{B2FD1C68-3EE7-4799-9EB5-1875944B3CB1} = {40702D07-7433-4788-BE6D-F342129FDE44}
		{3CFB26FA-0A9A-471D-9F45-77113125AD5E} = {40702D07-7433-4788-BE6D-F342129FDE44}
		{337F778F-2730-4094-BDD8-3B11EDD6ECD3} = {40702D07-7433-4788-BE6D-F342129FDE44}
		{61B71FCD-A7F5-4A85-B3A2-5764111A8324} = {40702D07-7433-4788-BE6D-F342129FDE44}
		{6E88D6A0-A2BB-4F60-8FA0-CB139E0EAD87} = {40702D07-7433-4788-BE6D-F342129FDE44}
		{7CFE71E6-484E-4311-9DD6-A5367BBB1BED} = {40702D07-7433-4788-BE6D-F342129FDE44}
		{E76AA72B-CB5A-4901-92C8-0DC522C7D905} = {32C114DF-FC87-4574-8BD3-A2364A01BE64}
		{108C7DBE-20A7-4D92-BE7D-3BB6A90776A4} = {32C114DF-FC87-4574-8BD3-A2364A01BE64}
		{71639E75-668D-4501-8E88-40027B7C8740} = {32C114DF-FC87-4574-8BD3-A2364A01BE64}
		{1B5E5FEB-5649-4977-9352-0DF6A99CAA3F} = {32C114DF-FC87-4574-8BD3-A2364A01BE64}
		{229DA240-4415-4B82-B8BE-87C8C15CCBBD} = {32C114DF-FC87-4574-8BD3-A2364A01BE64}
		{2A5CBB39-F8BC-42EE-851C-C51909444E99} = {32C114DF-FC87-4574-8BD3-A2364A01BE64}
		{65546668-AFAF-4D66-AC0E-4888DFCB94F7} = {32C114DF-FC87-4574-8BD3-A2364A01BE64}
		{C68C42B8-9143-40D9-8925-C785AEAAE1C9} = {32C114DF-FC87-4574-8BD3-A2364A01BE64}
	EndGlobalSection
	GlobalSection(ExtensibilityGlobals) = postSolution
		SolutionGuid = {B0D32EBA-14AD-406F-814A-307686E6F7F3}
	EndGlobalSection
EndGlobal
