
Microsoft Visual Studio Solution File, Format Version 12.00
# Visual Studio Version 17
VisualStudioVersion = 17.0.31903.59
MinimumVisualStudioVersion = 10.0.40219.1
Project("{2150E333-8FDC-42A3-9474-1A3956D46DE8}") = "创建型模式", "创建型模式", "{8ABD0198-DA7E-4691-8B24-395C2CAF4E99}"
EndProject
Project("{FAE04EC0-301F-11D3-BF4B-00C04F79EFBC}") = "Singleton", "创建型模式\01 单例模式\Singleton.csproj", "{4CA3611F-54E8-4461-AC9E-47AC99D44942}"
EndProject
Project("{FAE04EC0-301F-11D3-BF4B-00C04F79EFBC}") = "SimpleFactoryPattern", "创建型模式\02 简单工厂模式\SimpleFactoryPattern.csproj", "{225BC39C-E9A5-4A81-8863-F98CE5224528}"
EndProject
Project("{FAE04EC0-301F-11D3-BF4B-00C04F79EFBC}") = "FactoryMethod", "创建型模式\03 工厂方法模式\FactoryMethod.csproj", "{0FCFB09F-C909-4133-999F-BD23CCEED107}"
EndProject
Global
	GlobalSection(SolutionConfigurationPlatforms) = preSolution
		Debug|Any CPU = Debug|Any CPU
		Release|Any CPU = Release|Any CPU
	EndGlobalSection
	GlobalSection(SolutionProperties) = preSolution
		HideSolutionNode = FALSE
	EndGlobalSection
	GlobalSection(ProjectConfigurationPlatforms) = postSolution
		{4CA3611F-54E8-4461-AC9E-47AC99D44942}.Debug|Any CPU.ActiveCfg = Debug|Any CPU
		{4CA3611F-54E8-4461-AC9E-47AC99D44942}.Debug|Any CPU.Build.0 = Debug|Any CPU
		{4CA3611F-54E8-4461-AC9E-47AC99D44942}.Release|Any CPU.ActiveCfg = Release|Any CPU
		{4CA3611F-54E8-4461-AC9E-47AC99D44942}.Release|Any CPU.Build.0 = Release|Any CPU
		{225BC39C-E9A5-4A81-8863-F98CE5224528}.Debug|Any CPU.ActiveCfg = Debug|Any CPU
		{225BC39C-E9A5-4A81-8863-F98CE5224528}.Debug|Any CPU.Build.0 = Debug|Any CPU
		{225BC39C-E9A5-4A81-8863-F98CE5224528}.Release|Any CPU.ActiveCfg = Release|Any CPU
		{225BC39C-E9A5-4A81-8863-F98CE5224528}.Release|Any CPU.Build.0 = Release|Any CPU
		{0FCFB09F-C909-4133-999F-BD23CCEED107}.Debug|Any CPU.ActiveCfg = Debug|Any CPU
		{0FCFB09F-C909-4133-999F-BD23CCEED107}.Debug|Any CPU.Build.0 = Debug|Any CPU
		{0FCFB09F-C909-4133-999F-BD23CCEED107}.Release|Any CPU.ActiveCfg = Release|Any CPU
		{0FCFB09F-C909-4133-999F-BD23CCEED107}.Release|Any CPU.Build.0 = Release|Any CPU
	EndGlobalSection
	GlobalSection(NestedProjects) = preSolution
		{4CA3611F-54E8-4461-AC9E-47AC99D44942} = {8ABD0198-DA7E-4691-8B24-395C2CAF4E99}
		{225BC39C-E9A5-4A81-8863-F98CE5224528} = {8ABD0198-DA7E-4691-8B24-395C2CAF4E99}
		{0FCFB09F-C909-4133-999F-BD23CCEED107} = {8ABD0198-DA7E-4691-8B24-395C2CAF4E99}
	EndGlobalSection
EndGlobal
